<?xml version="1.0" encoding="utf-8"?>
<Project ToolsVersion="4.0" xmlns="http://schemas.microsoft.com/developer/msbuild/2003">
  <ItemGroup>
    <Filter Include="Файлы ресурсов">
      <UniqueIdentifier>{67DA6AB6-F800-4c08-8B7A-83BB121AAD01}</UniqueIdentifier>
      <Extensions>rc;ico;cur;bmp;dlg;rc2;rct;bin;rgs;gif;jpg;jpeg;jpe;resx;tiff;tif;png;wav;mfcribbon-ms</Extensions>
    </Filter>
    <Filter Include="ControlGL">
      <UniqueIdentifier>{4f249ece-9f03-4a51-8f20-6cd48cc82ffa}</UniqueIdentifier>
    </Filter>
    <Filter Include="Базовые файлы">
      <UniqueIdentifier>{4FC737F1-C7A5-4376-A066-2A32D752A2FF}</UniqueIdentifier>
      <Extensions>cpp;c;cc;cxx;c++;cppm;ixx;def;odl;idl;hpj;bat;asm;asmx</Extensions>
    </Filter>
    <Filter Include="BoreControl">
      <UniqueIdentifier>{9431189c-ff1b-4454-9366-d2a5f71446db}</UniqueIdentifier>
    </Filter>
    <Filter Include="OpenGL">
      <UniqueIdentifier>{4e7a5b2e-0108-4ed1-8f76-ea9e558207b0}</UniqueIdentifier>
    </Filter>
    <Filter Include="Render">
      <UniqueIdentifier>{581aa018-2a6d-4399-a8a4-5ec29c142b7a}</UniqueIdentifier>
    </Filter>
    <Filter Include="HiddenDialog">
      <UniqueIdentifier>{c8d42be7-a657-4eeb-8813-9d4e37bf38cd}</UniqueIdentifier>
    </Filter>
    <Filter Include="Shader">
      <UniqueIdentifier>{b2505a56-f07f-4052-8974-f04963b1e027}</UniqueIdentifier>
    </Filter>
  </ItemGroup>
  <ItemGroup>
    <ClInclude Include="ControlGL.h">
      <Filter>ControlGL</Filter>
    </ClInclude>
    <ClInclude Include="framework.h">
      <Filter>Базовые файлы</Filter>
    </ClInclude>
    <ClInclude Include="pch.h">
      <Filter>Базовые файлы</Filter>
    </ClInclude>
    <ClInclude Include="BoreControl.h">
      <Filter>BoreControl</Filter>
    </ClInclude>
    <ClInclude Include="IndexBuffer.h">
      <Filter>OpenGL</Filter>
    </ClInclude>
    <ClInclude Include="ShaderProgram.h">
      <Filter>OpenGL</Filter>
    </ClInclude>
    <ClInclude Include="ShaderStorageBuffer.h">
      <Filter>OpenGL</Filter>
    </ClInclude>
    <ClInclude Include="SceneRender.h">
      <Filter>OpenGL</Filter>
    </ClInclude>
    <ClInclude Include="VertexBuffer.h">
      <Filter>OpenGL</Filter>
    </ClInclude>
    <ClInclude Include="BufferBounder.h">
      <Filter>OpenGL</Filter>
    </ClInclude>
    <ClInclude Include="BufferOpenGL.h">
      <Filter>OpenGL</Filter>
    </ClInclude>
    <ClInclude Include="IndirectBuffer.h">
      <Filter>OpenGL</Filter>
    </ClInclude>
    <ClInclude Include="ShaderLoader.h">
      <Filter>OpenGL</Filter>
    </ClInclude>
    <ClInclude Include="TextureBuffer.h">
      <Filter>OpenGL</Filter>
    </ClInclude>
    <ClInclude Include="RenderBoreSurface.h">
      <Filter>Render</Filter>
    </ClInclude>
    <ClInclude Include="CHiddenDlg.h">
      <Filter>HiddenDialog</Filter>
    </ClInclude>
    <ClInclude Include="Render.h">
      <Filter>Render</Filter>
    </ClInclude>
    <ClInclude Include="resource.h" />
  </ItemGroup>
  <ItemGroup>
    <ClCompile Include="dllmain.cpp">
      <Filter>Базовые файлы</Filter>
    </ClCompile>
    <ClCompile Include="pch.cpp">
      <Filter>Базовые файлы</Filter>
    </ClCompile>
    <ClCompile Include="ControlGL.cpp">
      <Filter>ControlGL</Filter>
    </ClCompile>
    <ClCompile Include="BoreControl.cpp">
      <Filter>BoreControl</Filter>
    </ClCompile>
    <ClCompile Include="BufferOpenGL.cpp">
      <Filter>OpenGL</Filter>
    </ClCompile>
    <ClCompile Include="SceneRender.cpp">
      <Filter>OpenGL</Filter>
    </ClCompile>
    <ClCompile Include="ShaderProgram.cpp">
      <Filter>OpenGL</Filter>
    </ClCompile>
    <ClCompile Include="ShaderStorageBuffer.cpp">
      <Filter>OpenGL</Filter>
    </ClCompile>
    <ClCompile Include="ShaderLoader.cpp">
      <Filter>OpenGL</Filter>
    </ClCompile>
    <ClCompile Include="IndexBuffer.cpp">
      <Filter>OpenGL</Filter>
    </ClCompile>
    <ClCompile Include="IndirectBuffer.cpp">
      <Filter>OpenGL</Filter>
    </ClCompile>
    <ClCompile Include="TextureBuffer.cpp">
      <Filter>OpenGL</Filter>
    </ClCompile>
    <ClCompile Include="VertexBuffer.cpp">
      <Filter>OpenGL</Filter>
    </ClCompile>
    <ClCompile Include="RenderBoreSurface.cpp">
      <Filter>Render</Filter>
    </ClCompile>
    <ClCompile Include="CHiddenDlg.cpp">
      <Filter>HiddenDialog</Filter>
    </ClCompile>
  </ItemGroup>
  <ItemGroup>
    <None Include="Shader\bore_fragment.shader">
      <Filter>Shader</Filter>
    </None>
    <None Include="Shader\bore_vertex.shader">
      <Filter>Shader</Filter>
    </None>
    <None Include="Shader\mesh_fragment.shader">
      <Filter>Shader</Filter>
    </None>
    <None Include="Shader\mesh_vertex.shader">
      <Filter>Shader</Filter>
    </None>
  </ItemGroup>
</Project>